{
  "name": "municipal-service-request-tracker",
  "version": "0.1.0",
  "lockfileVersion": 3,
  "requires": true,
  "packages": {
    "": {
      "name": "municipal-service-request-tracker",
      "version": "0.1.0",
      "license": "ISC",
      "dependencies": {
        "": ""
      },
      "bin": {
        "municipal-tracker": "app.js"
      }
    },
    "node_modules/undefined": {
      "version": "0.1.0",
      "resolved": "https://registry.npmjs.org/undefined/-/undefined-0.1.0.tgz",
      "integrity": "sha512-NkvZ+cpfGNrQvaCMPr2DytKuQfUTTUUloyqxhjLIzUm6OIBBgjH0zUIObsDejlvNHXBmXNCEt4IOFE6HB+ourA==",
      "deprecated": "this package has been deprecated",
      "extraneous": true
    }
  }
}
